
Microsoft Visual Studio Solution File, Format Version 12.00
# Visual Studio Version 16
VisualStudioVersion = 16.0.29418.71
MinimumVisualStudioVersion = 10.0.40219.1
Project("{FAE04EC0-301F-11D3-BF4B-00C04F79EFBC}") = "WebMeteo", "WebMeteo\WebMeteo.csproj", "{33823C31-7A17-4495-AB77-7DDE775B665A}"
EndProject
Global
	GlobalSection(SolutionConfigurationPlatforms) = preSolution
		Debug|Any CPU = Debug|Any CPU
		Release|Any CPU = Release|Any CPU
	EndGlobalSection
	GlobalSection(ProjectConfigurationPlatforms) = postSolution
		{33823C31-7A17-4495-AB77-7DDE775B665A}.Debug|Any CPU.ActiveCfg = Debug|Any CPU
		{33823C31-7A17-4495-AB77-7DDE775B665A}.Debug|Any CPU.Build.0 = Debug|Any CPU
		{33823C31-7A17-4495-AB77-7DDE775B665A}.Release|Any CPU.ActiveCfg = Release|Any CPU
		{33823C31-7A17-4495-AB77-7DDE775B665A}.Release|Any CPU.Build.0 = Release|Any CPU
	EndGlobalSection
	GlobalSection(SolutionProperties) = preSolution
		HideSolutionNode = FALSE
	EndGlobalSection
	GlobalSection(ExtensibilityGlobals) = postSolution
		SolutionGuid = {2F163C82-0E9A-4024-9490-16D3C9FB9161}
	EndGlobalSection
EndGlobal
